
Microsoft Visual Studio Solution File, Format Version 12.00
# Visual Studio 14
VisualStudioVersion = 14.0.25420.1
MinimumVisualStudioVersion = 10.0.40219.1
Project("{FAE04EC0-301F-11D3-BF4B-00C04F79EFBC}") = "suidaozhaoming", "suidaozhaoming\suidaozhaoming.csproj", "{D9BBEADB-2FB5-4CE8-99BC-D1F21C0CC54E}"
EndProject
Project("{2CFEAB61-6A3B-4EB8-B523-560B4BEEF521}") = "suidaozhaoming.csproj_deploy", "suidaozhaoming.csproj_deploy\suidaozhaoming.csproj_deploy.wdproj", "{B33E056C-E171-477D-A724-7BBB4418E860}"
EndProject
Global
	GlobalSection(SolutionConfigurationPlatforms) = preSolution
		Debug|Any CPU = Debug|Any CPU
		Release|Any CPU = Release|Any CPU
	EndGlobalSection
	GlobalSection(ProjectConfigurationPlatforms) = postSolution
		{D9BBEADB-2FB5-4CE8-99BC-D1F21C0CC54E}.Debug|Any CPU.ActiveCfg = Debug|Any CPU
		{D9BBEADB-2FB5-4CE8-99BC-D1F21C0CC54E}.Debug|Any CPU.Build.0 = Debug|Any CPU
		{D9BBEADB-2FB5-4CE8-99BC-D1F21C0CC54E}.Release|Any CPU.ActiveCfg = Release|Any CPU
		{D9BBEADB-2FB5-4CE8-99BC-D1F21C0CC54E}.Release|Any CPU.Build.0 = Release|Any CPU
		{B33E056C-E171-477D-A724-7BBB4418E860}.Debug|Any CPU.ActiveCfg = Debug|Any CPU
		{B33E056C-E171-477D-A724-7BBB4418E860}.Debug|Any CPU.Build.0 = Debug|Any CPU
		{B33E056C-E171-477D-A724-7BBB4418E860}.Release|Any CPU.ActiveCfg = Release|Any CPU
		{B33E056C-E171-477D-A724-7BBB4418E860}.Release|Any CPU.Build.0 = Release|Any CPU
	EndGlobalSection
	GlobalSection(SolutionProperties) = preSolution
		HideSolutionNode = FALSE
	EndGlobalSection
EndGlobal
